<?xml version="1.0" encoding="utf-8"?>
<<<<<<< HEAD
<Project ToolsVersion="4.0" xmlns="http://schemas.microsoft.com/developer/msbuild/2003" />
=======
<Project ToolsVersion="4.0" xmlns="http://schemas.microsoft.com/developer/msbuild/2003">
  <ItemGroup>
    <ClCompile Include="source\PathTracer.cpp" />
    <ClCompile Include="source\Plane.cpp" />
    <ClCompile Include="source\Sphere.cpp" />
    <ClCompile Include="source\Ray.cpp" />
    <ClCompile Include="source\Scene.cpp" />
    <ClCompile Include="source\Renderer.cpp" />
    <ClCompile Include="source\MonteCarloImage.cpp" />
    <ClCompile Include="source\Camera.cpp" />
  </ItemGroup>
  <ItemGroup>
    <ClInclude Include="Camera.h" />
    <ClInclude Include="source\Vec2.h" />
    <ClInclude Include="source\Vec3.h" />
    <ClInclude Include="source\ISurface.h" />
    <ClInclude Include="source\Ray.h" />
    <ClInclude Include="source\Sphere.h" />
    <ClInclude Include="source\Scene.h" />
    <ClInclude Include="source\Renderer.h" />
    <ClInclude Include="source\MonteCarloImage.h" />
    <ClInclude Include="source\Plane.h" />
  </ItemGroup>
</Project>
>>>>>>> 7f279ce50ae51f0f987642c29332a87249cdbb85
