<?xml version="1.0" encoding="utf-8"?>
<Project ToolsVersion="4.0" xmlns="http://schemas.microsoft.com/developer/msbuild/2003">
  <ItemGroup>
    <ClCompile Include="source\Application.cpp" />
    <ClCompile Include="source\Block.cpp" />
    <ClCompile Include="source\Camera.cpp" />
    <ClCompile Include="source\Cube.cpp" />
    <ClCompile Include="source\Factory.cpp" />
    <ClCompile Include="source\MaterialManager.cpp" />
    <ClCompile Include="source\MathUtils.cpp" />
    <ClCompile Include="source\Mesh.cpp" />
    <ClCompile Include="source\MirrorMaterial.cpp" />
    <ClCompile Include="source\MonteCarloImage.cpp" />
    <ClCompile Include="source\Parser.cpp" />
    <ClCompile Include="source\PathTracer.cpp" />
    <ClCompile Include="source\Plane.cpp" />
    <ClCompile Include="source\Ray.cpp" />
    <ClCompile Include="source\Renderer.cpp" />
    <ClCompile Include="source\Scene.cpp" />
    <ClCompile Include="source\SimpleMaterial.cpp" />
    <ClCompile Include="source\Sphere.cpp" />
    <ClCompile Include="source\Console.cpp" />
    <ClCompile Include="source\SkyMaterial.cpp" />
  </ItemGroup>
  <ItemGroup>
    <ClInclude Include="source\Application.h" />
    <ClInclude Include="source\Block.h" />
    <ClInclude Include="source\Camera.h" />
    <ClInclude Include="source\Cube.h" />
    <ClInclude Include="source\Factory.h" />
    <ClInclude Include="source\IMaterial.h" />
    <ClInclude Include="source\ISurface.h" />
    <ClInclude Include="source\MaterialManager.h" />
    <ClInclude Include="source\MathUtils.h" />
    <ClInclude Include="source\Mesh.h" />
    <ClInclude Include="source\MirrorMaterial.h" />
    <ClInclude Include="source\MonteCarloImage.h" />
    <ClInclude Include="source\Parser.h" />
    <ClInclude Include="source\Plane.h" />
    <ClInclude Include="source\Ray.h" />
    <ClInclude Include="source\Renderer.h" />
    <ClInclude Include="source\Scene.h" />
    <ClInclude Include="source\SimpleMaterial.h" />
    <ClInclude Include="source\Sphere.h" />
    <ClInclude Include="source\Variable.h" />
    <ClInclude Include="source\Vec2.h" />
    <ClInclude Include="source\Vec3.h" />
    <ClInclude Include="source\Console.h" />
    <ClInclude Include="source\SkyMaterial.h" />
  </ItemGroup>
</Project>